
Microsoft Visual Studio Solution File, Format Version 12.00
# Visual Studio 2015
Project("{FAE04EC0-301F-11D3-BF4B-00C04F79EFBC}") = "InSolusFabula-AdvJam2016.CSharp.Plugins", "InSolusFabula-AdvJam2016.CSharp.Plugins.csproj", "{57E10F53-B8BF-0758-F158-0115852C999A}"
EndProject
Project("{FAE04EC0-301F-11D3-BF4B-00C04F79EFBC}") = "InSolusFabula-AdvJam2016.CSharp", "InSolusFabula-AdvJam2016.CSharp.csproj", "{619492BB-2F37-5983-EB2C-6FE62892705F}"
EndProject
Project("{FAE04EC0-301F-11D3-BF4B-00C04F79EFBC}") = "InSolusFabula-AdvJam2016.CSharp.Editor", "InSolusFabula-AdvJam2016.CSharp.Editor.csproj", "{60F0C995-D792-EBB6-42F9-6EA53977C891}"
EndProject
Global
	GlobalSection(SolutionConfigurationPlatforms) = preSolution
		Debug|Any CPU = Debug|Any CPU
		Release|Any CPU = Release|Any CPU
	EndGlobalSection
	GlobalSection(ProjectConfigurationPlatforms) = postSolution
		{57E10F53-B8BF-0758-F158-0115852C999A}.Debug|Any CPU.ActiveCfg = Debug|Any CPU
		{57E10F53-B8BF-0758-F158-0115852C999A}.Debug|Any CPU.Build.0 = Debug|Any CPU
		{57E10F53-B8BF-0758-F158-0115852C999A}.Release|Any CPU.ActiveCfg = Release|Any CPU
		{57E10F53-B8BF-0758-F158-0115852C999A}.Release|Any CPU.Build.0 = Release|Any CPU
		{619492BB-2F37-5983-EB2C-6FE62892705F}.Debug|Any CPU.ActiveCfg = Debug|Any CPU
		{619492BB-2F37-5983-EB2C-6FE62892705F}.Debug|Any CPU.Build.0 = Debug|Any CPU
		{619492BB-2F37-5983-EB2C-6FE62892705F}.Release|Any CPU.ActiveCfg = Release|Any CPU
		{619492BB-2F37-5983-EB2C-6FE62892705F}.Release|Any CPU.Build.0 = Release|Any CPU
		{60F0C995-D792-EBB6-42F9-6EA53977C891}.Debug|Any CPU.ActiveCfg = Debug|Any CPU
		{60F0C995-D792-EBB6-42F9-6EA53977C891}.Debug|Any CPU.Build.0 = Debug|Any CPU
		{60F0C995-D792-EBB6-42F9-6EA53977C891}.Release|Any CPU.ActiveCfg = Release|Any CPU
		{60F0C995-D792-EBB6-42F9-6EA53977C891}.Release|Any CPU.Build.0 = Release|Any CPU
	EndGlobalSection
	GlobalSection(SolutionProperties) = preSolution
		HideSolutionNode = FALSE
	EndGlobalSection
EndGlobal
